# THIS IS AN AUTOGENERATED FILE. DO NOT EDIT THIS FILE DIRECTLY.
# yarn lockfile v1


recordrtc@^5.4.1:
  version "5.4.1"
  resolved "https://registry.yarnpkg.com/recordrtc/-/recordrtc-5.4.1.tgz#01202784ae2636dbd79ac42071c6593548c56c74"

requirejs@^2.3.3:
  version "2.3.3"
  resolved "https://registry.yarnpkg.com/requirejs/-/requirejs-2.3.3.tgz#aa59fd3a0287eaf407959a138228044b5dd6a6a3"
